// !$*UTF8*$!
{
	archiveVersion = 1;
	classes = {
	};
	objectVersion = 50;
	objects = {

/* Begin PBXBuildFile section */
		D813D61823305D2F00817868 /* AppDelegate.swift in Sources */ = {isa = PBXBuildFile; fileRef = D813D61723305D2F00817868 /* AppDelegate.swift */; };
		D813D61A23305D2F00817868 /* ViewController.swift in Sources */ = {isa = PBXBuildFile; fileRef = D813D61923305D2F00817868 /* ViewController.swift */; };
		D813D61D23305D2F00817868 /* Main.storyboard in Resources */ = {isa = PBXBuildFile; fileRef = D813D61B23305D2F00817868 /* Main.storyboard */; };
		D813D61F23305D3000817868 /* Assets.xcassets in Resources */ = {isa = PBXBuildFile; fileRef = D813D61E23305D3000817868 /* Assets.xcassets */; };
		D813D62223305D3000817868 /* LaunchScreen.storyboard in Resources */ = {isa = PBXBuildFile; fileRef = D813D62023305D3000817868 /* LaunchScreen.storyboard */; };
		D813D62A2330600500817868 /* photo.png in Resources */ = {isa = PBXBuildFile; fileRef = D813D6292330600400817868 /* photo.png */; };
		D813D62C2330601300817868 /* camera.jpg in Resources */ = {isa = PBXBuildFile; fileRef = D813D62B2330601300817868 /* camera.jpg */; };
		D813D62E2330620500817868 /* FacialMLModel2.mlmodel in Sources */ = {isa = PBXBuildFile; fileRef = D813D62D2330620500817868 /* FacialMLModel2.mlmodel */; };
		D813D63023306A3300817868 /* FacialMLModel3.mlmodel in Sources */ = {isa = PBXBuildFile; fileRef = D813D62F23306A3300817868 /* FacialMLModel3.mlmodel */; };
/* End PBXBuildFile section */

/* Begin PBXFileReference section */
		D813D61423305D2F00817868 /* FacialRecognition.app */ = {isa = PBXFileReference; explicitFileType = wrapper.application; includeInIndex = 0; path = FacialRecognition.app; sourceTree = BUILT_PRODUCTS_DIR; };
		D813D61723305D2F00817868 /* AppDelegate.swift */ = {isa = PBXFileReference; lastKnownFileType = sourcecode.swift; path = AppDelegate.swift; sourceTree = "<group>"; };
		D813D61923305D2F00817868 /* ViewController.swift */ = {isa = PBXFileReference; lastKnownFileType = sourcecode.swift; path = ViewController.swift; sourceTree = "<group>"; };
		D813D61C23305D2F00817868 /* Base */ = {isa = PBXFileReference; lastKnownFileType = file.storyboard; name = Base; path = Base.lproj/Main.storyboard; sourceTree = "<group>"; };
		D813D61E23305D3000817868 /* Assets.xcassets */ = {isa = PBXFileReference; lastKnownFileType = folder.assetcatalog; path = Assets.xcassets; sourceTree = "<group>"; };
		D813D62123305D3000817868 /* Base */ = {isa = PBXFileReference; lastKnownFileType = file.storyboard; name = Base; path = Base.lproj/LaunchScreen.storyboard; sourceTree = "<group>"; };
		D813D62323305D3000817868 /* Info.plist */ = {isa = PBXFileReference; lastKnownFileType = text.plist.xml; path = Info.plist; sourceTree = "<group>"; };
		D813D6292330600400817868 /* photo.png */ = {isa = PBXFileReference; lastKnownFileType = image.png; path = photo.png; sourceTree = "<group>"; };
		D813D62B2330601300817868 /* camera.jpg */ = {isa = PBXFileReference; lastKnownFileType = image.jpeg; path = camera.jpg; sourceTree = "<group>"; };
		D813D62D2330620500817868 /* FacialMLModel2.mlmodel */ = {isa = PBXFileReference; lastKnownFileType = file.mlmodel; path = FacialMLModel2.mlmodel; sourceTree = "<group>"; };
		D813D62F23306A3300817868 /* FacialMLModel3.mlmodel */ = {isa = PBXFileReference; lastKnownFileType = file.mlmodel; path = FacialMLModel3.mlmodel; sourceTree = "<group>"; };
/* End PBXFileReference section */

/* Begin PBXFrameworksBuildPhase section */
		D813D61123305D2F00817868 /* Frameworks */ = {
			isa = PBXFrameworksBuildPhase;
			buildActionMask = 2147483647;
			files = (
			);
			runOnlyForDeploymentPostprocessing = 0;
		};
/* End PBXFrameworksBuildPhase section */

/* Begin PBXGroup section */
		D813D60B23305D2F00817868 = {
			isa = PBXGroup;
			children = (
				D813D61623305D2F00817868 /* FacialRecognition */,
				D813D61523305D2F00817868 /* Products */,
			);
			sourceTree = "<group>";
		};
		D813D61523305D2F00817868 /* Products */ = {
			isa = PBXGroup;
			children = (
				D813D61423305D2F00817868 /* FacialRecognition.app */,
			);
			name = Products;
			sourceTree = "<group>";
		};
		D813D61623305D2F00817868 /* FacialRecognition */ = {
			isa = PBXGroup;
			children = (
				D813D61723305D2F00817868 /* AppDelegate.swift */,
				D813D61923305D2F00817868 /* ViewController.swift */,
				D813D61B23305D2F00817868 /* Main.storyboard */,
				D813D61E23305D3000817868 /* Assets.xcassets */,
				D813D62023305D3000817868 /* LaunchScreen.storyboard */,
				D813D62323305D3000817868 /* Info.plist */,
				D813D62D2330620500817868 /* FacialMLModel2.mlmodel */,
				D813D62F23306A3300817868 /* FacialMLModel3.mlmodel */,
				D813D6292330600400817868 /* photo.png */,
				D813D62B2330601300817868 /* camera.jpg */,
			);
			path = FacialRecognition;
			sourceTree = "<group>";
		};
/* End PBXGroup section */

/* Begin PBXNativeTarget section */
		D813D61323305D2F00817868 /* FacialRecognition */ = {
			isa = PBXNativeTarget;
			buildConfigurationList = D813D62623305D3000817868 /* Build configuration list for PBXNativeTarget "FacialRecognition" */;
			buildPhases = (
				D813D61023305D2F00817868 /* Sources */,
				D813D61123305D2F00817868 /* Frameworks */,
				D813D61223305D2F00817868 /* Resources */,
			);
			buildRules = (
			);
			dependencies = (
			);
			name = FacialRecognition;
			productName = FacialRecognition;
			productReference = D813D61423305D2F00817868 /* FacialRecognition.app */;
			productType = "com.apple.product-type.application";
		};
/* End PBXNativeTarget section */

/* Begin PBXProject section */
		D813D60C23305D2F00817868 /* Project object */ = {
			isa = PBXProject;
			attributes = {
				LastSwiftUpdateCheck = 1020;
				LastUpgradeCheck = 1020;
				ORGANIZATIONNAME = "Xuejun Li";
				TargetAttributes = {
					D813D61323305D2F00817868 = {
						CreatedOnToolsVersion = 10.2.1;
					};
				};
			};
			buildConfigurationList = D813D60F23305D2F00817868 /* Build configuration list for PBXProject "FacialRecognition" */;
			compatibilityVersion = "Xcode 9.3";
			developmentRegion = en;
			hasScannedForEncodings = 0;
			knownRegions = (
				en,
				Base,
			);
			mainGroup = D813D60B23305D2F00817868;
			productRefGroup = D813D61523305D2F00817868 /* Products */;
			projectDirPath = "";
			projectRoot = "";
			targets = (
				D813D61323305D2F00817868 /* FacialRecognition */,
			);
		};
/* End PBXProject section */

/* Begin PBXResourcesBuildPhase section */
		D813D61223305D2F00817868 /* Resources */ = {
			isa = PBXResourcesBuildPhase;
			buildActionMask = 2147483647;
			files = (
				D813D62223305D3000817868 /* LaunchScreen.storyboard in Resources */,
				D813D61F23305D3000817868 /* Assets.xcassets in Resources */,
				D813D62A2330600500817868 /* photo.png in Resources */,
				D813D61D23305D2F00817868 /* Main.storyboard in Resources */,
				D813D62C2330601300817868 /* camera.jpg in Resources */,
			);
			runOnlyForDeploymentPostprocessing = 0;
		};
/* End PBXResourcesBuildPhase section */

/* Begin PBXSourcesBuildPhase section */
		D813D61023305D2F00817868 /* Sources */ = {
			isa = PBXSourcesBuildPhase;
			buildActionMask = 2147483647;
			files = (
				D813D62E2330620500817868 /* FacialMLModel2.mlmodel in Sources */,
				D813D61A23305D2F00817868 /* ViewController.swift in Sources */,
				D813D61823305D2F00817868 /* AppDelegate.swift in Sources */,
				D813D63023306A3300817868 /* FacialMLModel3.mlmodel in Sources */,
			);
			runOnlyForDeploymentPostprocessing = 0;
		};
/* End PBXSourcesBuildPhase section */

/* Begin PBXVariantGroup section */
		D813D61B23305D2F00817868 /* Main.storyboard */ = {
			isa = PBXVariantGroup;
			children = (
				D813D61C23305D2F00817868 /* Base */,
			);
			name = Main.storyboard;
			sourceTree = "<group>";
		};
		D813D62023305D3000817868 /* LaunchScreen.storyboard */ = {
			isa = PBXVariantGroup;
			children = (
				D813D62123305D3000817868 /* Base */,
			);
			name = LaunchScreen.storyboard;
			sourceTree = "<group>";
		};
/* End PBXVariantGroup section */

/* Begin XCBuildConfiguration section */
		D813D62423305D3000817868 /* Debug */ = {
			isa = XCBuildConfiguration;
			buildSettings = {
				ALWAYS_SEARCH_USER_PATHS = NO;
				CLANG_ANALYZER_NONNULL = YES;
				CLANG_ANALYZER_NUMBER_OBJECT_CONVERSION = YES_AGGRESSIVE;
				CLANG_CXX_LANGUAGE_STANDARD = "gnu++14";
				CLANG_CXX_LIBRARY = "libc++";
				CLANG_ENABLE_MODULES = YES;
				CLANG_ENABLE_OBJC_ARC = YES;
				CLANG_ENABLE_OBJC_WEAK = YES;
				CLANG_WARN_BLOCK_CAPTURE_AUTORELEASING = YES;
				CLANG_WARN_BOOL_CONVERSION = YES;
				CLANG_WARN_COMMA = YES;
				CLANG_WARN_CONSTANT_CONVERSION = YES;
				CLANG_WARN_DEPRECATED_OBJC_IMPLEMENTATIONS = YES;
				CLANG_WARN_DIRECT_OBJC_ISA_USAGE = YES_ERROR;
				CLANG_WARN_DOCUMENTATION_COMMENTS = YES;
				CLANG_WARN_EMPTY_BODY = YES;
				CLANG_WARN_ENUM_CONVERSION = YES;
				CLANG_WARN_INFINITE_RECURSION = YES;
				CLANG_WARN_INT_CONVERSION = YES;
				CLANG_WARN_NON_LITERAL_NULL_CONVERSION = YES;
				CLANG_WARN_OBJC_IMPLICIT_RETAIN_SELF = YES;
				CLANG_WARN_OBJC_LITERAL_CONVERSION = YES;
				CLANG_WARN_OBJC_ROOT_CLASS = YES_ERROR;
				CLANG_WARN_RANGE_LOOP_ANALYSIS = YES;
				CLANG_WARN_STRICT_PROTOTYPES = YES;
				CLANG_WARN_SUSPICIOUS_MOVE = YES;
				CLANG_WARN_UNGUARDED_AVAILABILITY = YES_AGGRESSIVE;
				CLANG_WARN_UNREACHABLE_CODE = YES;
				CLANG_WARN__DUPLICATE_METHOD_MATCH = YES;
				CODE_SIGN_IDENTITY = "iPhone Developer";
				COPY_PHASE_STRIP = NO;
				DEBUG_INFORMATION_FORMAT = dwarf;
				ENABLE_STRICT_OBJC_MSGSEND = YES;
				ENABLE_TESTABILITY = YES;
				GCC_C_LANGUAGE_STANDARD = gnu11;
				GCC_DYNAMIC_NO_PIC = NO;
				GCC_NO_COMMON_BLOCKS = YES;
				GCC_OPTIMIZATION_LEVEL = 0;
				GCC_PREPROCESSOR_DEFINITIONS = (
					"DEBUG=1",
					"$(inherited)",
				);
				GCC_WARN_64_TO_32_BIT_CONVERSION = YES;
				GCC_WARN_ABOUT_RETURN_TYPE = YES_ERROR;
				GCC_WARN_UNDECLARED_SELECTOR = YES;
				GCC_WARN_UNINITIALIZED_AUTOS = YES_AGGRESSIVE;
				GCC_WARN_UNUSED_FUNCTION = YES;
				GCC_WARN_UNUSED_VARIABLE = YES;
				IPHONEOS_DEPLOYMENT_TARGET = 12.2;
				MTL_ENABLE_DEBUG_INFO = INCLUDE_SOURCE;
				MTL_FAST_MATH = YES;
				ONLY_ACTIVE_ARCH = YES;
				SDKROOT = iphoneos;
				SWIFT_ACTIVE_COMPILATION_CONDITIONS = DEBUG;
				SWIFT_OPTIMIZATION_LEVEL = "-Onone";
			};
			name = Debug;
		};
		D813D62523305D3000817868 /* Release */ = {
			isa = XCBuildConfiguration;
			buildSettings = {
				ALWAYS_SEARCH_USER_PATHS = NO;
				CLANG_ANALYZER_NONNULL = YES;
				CLANG_ANALYZER_NUMBER_OBJECT_CONVERSION = YES_AGGRESSIVE;
				CLANG_CXX_LANGUAGE_STANDARD = "gnu++14";
				CLANG_CXX_LIBRARY = "libc++";
				CLANG_ENABLE_MODULES = YES;
				CLANG_ENABLE_OBJC_ARC = YES;
				CLANG_ENABLE_OBJC_WEAK = YES;
				CLANG_WARN_BLOCK_CAPTURE_AUTORELEASING = YES;
				CLANG_WARN_BOOL_CONVERSION = YES;
				CLANG_WARN_COMMA = YES;
				CLANG_WARN_CONSTANT_CONVERSION = YES;
				CLANG_WARN_DEPRECATED_OBJC_IMPLEMENTATIONS = YES;
				CLANG_WARN_DIRECT_OBJC_ISA_USAGE = YES_ERROR;
				CLANG_WARN_DOCUMENTATION_COMMENTS = YES;
				CLANG_WARN_EMPTY_BODY = YES;
				CLANG_WARN_ENUM_CONVERSION = YES;
				CLANG_WARN_INFINITE_RECURSION = YES;
				CLANG_WARN_INT_CONVERSION = YES;
				CLANG_WARN_NON_LITERAL_NULL_CONVERSION = YES;
				CLANG_WARN_OBJC_IMPLICIT_RETAIN_SELF = YES;
				CLANG_WARN_OBJC_LITERAL_CONVERSION = YES;
				CLANG_WARN_OBJC_ROOT_CLASS = YES_ERROR;
				CLANG_WARN_RANGE_LOOP_ANALYSIS = YES;
				CLANG_WARN_STRICT_PROTOTYPES = YES;
				CLANG_WARN_SUSPICIOUS_MOVE = YES;
				CLANG_WARN_UNGUARDED_AVAILABILITY = YES_AGGRESSIVE;
				CLANG_WARN_UNREACHABLE_CODE = YES;
				CLANG_WARN__DUPLICATE_METHOD_MATCH = YES;
				CODE_SIGN_IDENTITY = "iPhone Developer";
				COPY_PHASE_STRIP = NO;
				DEBUG_INFORMATION_FORMAT = "dwarf-with-dsym";
				ENABLE_NS_ASSERTIONS = NO;
				ENABLE_STRICT_OBJC_MSGSEND = YES;
				GCC_C_LANGUAGE_STANDARD = gnu11;
				GCC_NO_COMMON_BLOCKS = YES;
				GCC_WARN_64_TO_32_BIT_CONVERSION = YES;
				GCC_WARN_ABOUT_RETURN_TYPE = YES_ERROR;
				GCC_WARN_UNDECLARED_SELECTOR = YES;
				GCC_WARN_UNINITIALIZED_AUTOS = YES_AGGRESSIVE;
				GCC_WARN_UNUSED_FUNCTION = YES;
				GCC_WARN_UNUSED_VARIABLE = YES;
				IPHONEOS_DEPLOYMENT_TARGET = 12.2;
				MTL_ENABLE_DEBUG_INFO = NO;
				MTL_FAST_MATH = YES;
				SDKROOT = iphoneos;
				SWIFT_COMPILATION_MODE = wholemodule;
				SWIFT_OPTIMIZATION_LEVEL = "-O";
				VALIDATE_PRODUCT = YES;
			};
			name = Release;
		};
		D813D62723305D3000817868 /* Debug */ = {
			isa = XCBuildConfiguration;
			buildSettings = {
				ASSETCATALOG_COMPILER_APPICON_NAME = AppIcon;
				CODE_SIGN_STYLE = Automatic;
				DEVELOPMENT_TEAM = JA956L4QS4;
				INFOPLIST_FILE = FacialRecognition/Info.plist;
				LD_RUNPATH_SEARCH_PATHS = (
					"$(inherited)",
					"@executable_path/Frameworks",
				);
				PRODUCT_BUNDLE_IDENTIFIER = com.xuejunli.FacialRecognition;
				PRODUCT_NAME = "$(TARGET_NAME)";
				SWIFT_VERSION = 5.0;
				TARGETED_DEVICE_FAMILY = "1,2";
			};
			name = Debug;
		};
		D813D62823305D3000817868 /* Release */ = {
			isa = XCBuildConfiguration;
			buildSettings = {
				ASSETCATALOG_COMPILER_APPICON_NAME = AppIcon;
				CODE_SIGN_STYLE = Automatic;
				DEVELOPMENT_TEAM = JA956L4QS4;
				INFOPLIST_FILE = FacialRecognition/Info.plist;
				LD_RUNPATH_SEARCH_PATHS = (
					"$(inherited)",
					"@executable_path/Frameworks",
				);
				PRODUCT_BUNDLE_IDENTIFIER = com.xuejunli.FacialRecognition;
				PRODUCT_NAME = "$(TARGET_NAME)";
				SWIFT_VERSION = 5.0;
				TARGETED_DEVICE_FAMILY = "1,2";
			};
			name = Release;
		};
/* End XCBuildConfiguration section */

/* Begin XCConfigurationList section */
		D813D60F23305D2F00817868 /* Build configuration list for PBXProject "FacialRecognition" */ = {
			isa = XCConfigurationList;
			buildConfigurations = (
				D813D62423305D3000817868 /* Debug */,
				D813D62523305D3000817868 /* Release */,
			);
			defaultConfigurationIsVisible = 0;
			defaultConfigurationName = Release;
		};
		D813D62623305D3000817868 /* Build configuration list for PBXNativeTarget "FacialRecognition" */ = {
			isa = XCConfigurationList;
			buildConfigurations = (
				D813D62723305D3000817868 /* Debug */,
				D813D62823305D3000817868 /* Release */,
			);
			defaultConfigurationIsVisible = 0;
			defaultConfigurationName = Release;
		};
/* End XCConfigurationList section */
	};
	rootObject = D813D60C23305D2F00817868 /* Project object */;
}
